
Microsoft Visual Studio Solution File, Format Version 12.00
# Visual Studio Version 17
VisualStudioVersion = 17.9.34622.214
MinimumVisualStudioVersion = 10.0.40219.1
Project("{FAE04EC0-301F-11D3-BF4B-00C04F79EFBC}") = "YR_Hentai_Prime_AnimationBed", "YR_Hentai_Prime_AnimationBed\YR_Hentai_Prime_AnimationBed.csproj", "{0F1B2F86-28FC-49E2-B85A-D0228AB47BE7}"
EndProject
Global
	GlobalSection(SolutionConfigurationPlatforms) = preSolution
		Debug|Any CPU = Debug|Any CPU
		Release|Any CPU = Release|Any CPU
	EndGlobalSection
	GlobalSection(ProjectConfigurationPlatforms) = postSolution
		{0F1B2F86-28FC-49E2-B85A-D0228AB47BE7}.Debug|Any CPU.ActiveCfg = Debug|Any CPU
		{0F1B2F86-28FC-49E2-B85A-D0228AB47BE7}.Debug|Any CPU.Build.0 = Debug|Any CPU
		{0F1B2F86-28FC-49E2-B85A-D0228AB47BE7}.Release|Any CPU.ActiveCfg = Release|Any CPU
		{0F1B2F86-28FC-49E2-B85A-D0228AB47BE7}.Release|Any CPU.Build.0 = Release|Any CPU
	EndGlobalSection
	GlobalSection(SolutionProperties) = preSolution
		HideSolutionNode = FALSE
	EndGlobalSection
	GlobalSection(ExtensibilityGlobals) = postSolution
		SolutionGuid = {7CBF87B9-2BCB-4BF2-A928-FB045748DF5F}
	EndGlobalSection
EndGlobal
