
Microsoft Visual Studio Solution File, Format Version 12.00
# Visual Studio Version 17
VisualStudioVersion = 17.3.32611.2
MinimumVisualStudioVersion = 10.0.40219.1
Project("{FAE04EC0-301F-11D3-BF4B-00C04F79EFBC}") = "YR_WearSetting", "YR_WearSetting.csproj", "{7DC8EAD5-8487-4761-9C6F-399DA940E056}"
EndProject
Global
	GlobalSection(SolutionConfigurationPlatforms) = preSolution
		Debug|Any CPU = Debug|Any CPU
		Release|Any CPU = Release|Any CPU
	EndGlobalSection
	GlobalSection(ProjectConfigurationPlatforms) = postSolution
		{7DC8EAD5-8487-4761-9C6F-399DA940E056}.Debug|Any CPU.ActiveCfg = Debug|Any CPU
		{7DC8EAD5-8487-4761-9C6F-399DA940E056}.Debug|Any CPU.Build.0 = Debug|Any CPU
		{7DC8EAD5-8487-4761-9C6F-399DA940E056}.Release|Any CPU.ActiveCfg = Release|Any CPU
		{7DC8EAD5-8487-4761-9C6F-399DA940E056}.Release|Any CPU.Build.0 = Release|Any CPU
	EndGlobalSection
	GlobalSection(SolutionProperties) = preSolution
		HideSolutionNode = FALSE
	EndGlobalSection
	GlobalSection(ExtensibilityGlobals) = postSolution
		SolutionGuid = {663AAAAA-D725-436D-968B-2538AA9D3B5F}
	EndGlobalSection
EndGlobal
